# THIS IS AN AUTOGENERATED FILE. DO NOT EDIT THIS FILE DIRECTLY.
# yarn lockfile v1


"@nuxtjs/composition-api@^0.20.2":
  version "0.20.2"
  resolved "https://registry.yarnpkg.com/@nuxtjs/composition-api/-/composition-api-0.20.2.tgz#1c395c675f6eec50f80a378553e965ad0d6bdd19"
  integrity sha512-SetYbVgG6dmnInUBZ/Peo0Q/oyu9UD9MVukS5vKpp8Setm6ZmTXj5/AjnsQlFx5Kzu+zKf19JzWg29YFZdt/vg==
  dependencies:
    "@vue/composition-api" "1.0.0-rc.2"
    defu "^3.2.2"
    ufo "^0.6.6"
    upath "^2.0.1"

"@vue/composition-api@1.0.0-rc.2":
  version "1.0.0-rc.2"
  resolved "https://registry.yarnpkg.com/@vue/composition-api/-/composition-api-1.0.0-rc.2.tgz#9d90e507cf71634aad51ab878b141c2a4739d523"
  integrity sha512-R4XEvT+qXiT/lnsLzqhjkR/L/ALuNeeQPZqredpLduGKwZtmt2l5I3kT1W+c/157hrY732eFlsPUGz/q9vFaYg==
  dependencies:
    tslib "^2.1.0"

defu@^3.2.2:
  version "3.2.2"
  resolved "https://registry.yarnpkg.com/defu/-/defu-3.2.2.tgz#be20f4cc49b9805d54ee6b610658d53894942e97"
  integrity sha512-8UWj5lNv7HD+kB0e9w77Z7TdQlbUYDVWqITLHNqFIn6khrNHv5WQo38Dcm1f6HeNyZf0U7UbPf6WeZDSdCzGDQ==

tslib@^2.1.0:
  version "2.1.0"
  resolved "https://registry.yarnpkg.com/tslib/-/tslib-2.1.0.tgz#da60860f1c2ecaa5703ab7d39bc05b6bf988b97a"
  integrity sha512-hcVC3wYEziELGGmEEXue7D75zbwIIVUMWAVbHItGPx0ziyXxrOMQx4rQEVEV45Ut/1IotuEvwqPopzIOkDMf0A==

ufo@^0.6.6:
  version "0.6.6"
  resolved "https://registry.yarnpkg.com/ufo/-/ufo-0.6.6.tgz#6bc4b4de19ff9a9cb68134719190196b0cc7353b"
  integrity sha512-HDhml2KskY1VVtQGckmaf/p3rTuleC2M7qL9Wf1dJZMw7glFk6oVjRsddf6LJp0I+pHERZzfttVmBMq1nR3PGA==

upath@^2.0.1:
  version "2.0.1"
  resolved "https://registry.yarnpkg.com/upath/-/upath-2.0.1.tgz#50c73dea68d6f6b990f51d279ce6081665d61a8b"
  integrity sha512-1uEe95xksV1O0CYKXo8vQvN1JEbtJp7lb7C5U9HMsIp6IVwntkH/oNUzyVNQSd4S1sYk2FpSSW44FqMc8qee5w==
